
Microsoft Visual Studio Solution File, Format Version 12.00
# Visual Studio Version 17
VisualStudioVersion = 17.5.002.0
MinimumVisualStudioVersion = 10.0.40219.1
Project("{9A19103F-16F7-4668-BE54-9A1E7A4F7556}") = "LoanCalculator2.0", "LoanCalculator2.0.csproj", "{A81146FA-8597-4FB6-B3B8-5AA16DF12C4E}"
EndProject
Global
	GlobalSection(SolutionConfigurationPlatforms) = preSolution
		Debug|Any CPU = Debug|Any CPU
		Release|Any CPU = Release|Any CPU
	EndGlobalSection
	GlobalSection(ProjectConfigurationPlatforms) = postSolution
		{A81146FA-8597-4FB6-B3B8-5AA16DF12C4E}.Debug|Any CPU.ActiveCfg = Debug|Any CPU
		{A81146FA-8597-4FB6-B3B8-5AA16DF12C4E}.Debug|Any CPU.Build.0 = Debug|Any CPU
		{A81146FA-8597-4FB6-B3B8-5AA16DF12C4E}.Release|Any CPU.ActiveCfg = Release|Any CPU
		{A81146FA-8597-4FB6-B3B8-5AA16DF12C4E}.Release|Any CPU.Build.0 = Release|Any CPU
	EndGlobalSection
	GlobalSection(SolutionProperties) = preSolution
		HideSolutionNode = FALSE
	EndGlobalSection
	GlobalSection(ExtensibilityGlobals) = postSolution
		SolutionGuid = {A0527339-D02C-4794-8A69-602F96CB7F78}
	EndGlobalSection
EndGlobal
